
Microsoft Visual Studio Solution File, Format Version 12.00
# Visual Studio Version 17
VisualStudioVersion = 17.5.002.0
MinimumVisualStudioVersion = 10.0.40219.1
Project("{9A19103F-16F7-4668-BE54-9A1E7A4F7556}") = "Estatico", "Estatico.csproj", "{45B6A8FC-A4A1-406E-9003-19937844C2BF}"
EndProject
Global
	GlobalSection(SolutionConfigurationPlatforms) = preSolution
		Debug|Any CPU = Debug|Any CPU
		Release|Any CPU = Release|Any CPU
	EndGlobalSection
	GlobalSection(ProjectConfigurationPlatforms) = postSolution
		{45B6A8FC-A4A1-406E-9003-19937844C2BF}.Debug|Any CPU.ActiveCfg = Debug|Any CPU
		{45B6A8FC-A4A1-406E-9003-19937844C2BF}.Debug|Any CPU.Build.0 = Debug|Any CPU
		{45B6A8FC-A4A1-406E-9003-19937844C2BF}.Release|Any CPU.ActiveCfg = Release|Any CPU
		{45B6A8FC-A4A1-406E-9003-19937844C2BF}.Release|Any CPU.Build.0 = Release|Any CPU
	EndGlobalSection
	GlobalSection(SolutionProperties) = preSolution
		HideSolutionNode = FALSE
	EndGlobalSection
	GlobalSection(ExtensibilityGlobals) = postSolution
		SolutionGuid = {FA0A0CC7-2F40-4801-9D99-E0D575D4AF59}
	EndGlobalSection
EndGlobal
